
Microsoft Visual Studio Solution File, Format Version 12.00
# Visual Studio 15
VisualStudioVersion = 15.0.27703.2018
MinimumVisualStudioVersion = 10.0.40219.1
Project("{FAE04EC0-301F-11D3-BF4B-00C04F79EFBC}") = "HelloXamarin.Android", "HelloXamarin\HelloXamarin.Android\HelloXamarin.Android.csproj", "{CB5A6D46-6C0D-4A06-B03A-B66AED1EC89C}"
EndProject
Project("{FAE04EC0-301F-11D3-BF4B-00C04F79EFBC}") = "HelloXamarin.iOS", "HelloXamarin\HelloXamarin.iOS\HelloXamarin.iOS.csproj", "{8F60547A-A6C6-46FF-B7F6-0321E2005F05}"
EndProject
Project("{FAE04EC0-301F-11D3-BF4B-00C04F79EFBC}") = "HelloXamarin.UWP", "HelloXamarin\HelloXamarin.UWP\HelloXamarin.UWP.csproj", "{438455A6-E726-46A9-BF84-CACFC374A481}"
EndProject
Project("{D954291E-2A0B-460D-934E-DC6B0785DB48}") = "HelloXamarin", "HelloXamarin\HelloXamarin\HelloXamarin.shproj", "{D6512416-80C6-4783-8286-FADD227C1238}"
EndProject
Global
	GlobalSection(SharedMSBuildProjectFiles) = preSolution
		HelloXamarin\HelloXamarin\HelloXamarin.projitems*{438455a6-e726-46a9-bf84-cacfc374a481}*SharedItemsImports = 4
		HelloXamarin\HelloXamarin\HelloXamarin.projitems*{8f60547a-a6c6-46ff-b7f6-0321e2005f05}*SharedItemsImports = 4
		HelloXamarin\HelloXamarin\HelloXamarin.projitems*{cb5a6d46-6c0d-4a06-b03a-b66aed1ec89c}*SharedItemsImports = 4
		HelloXamarin\HelloXamarin\HelloXamarin.projitems*{d6512416-80c6-4783-8286-fadd227c1238}*SharedItemsImports = 13
	EndGlobalSection
	GlobalSection(SolutionConfigurationPlatforms) = preSolution
		Ad-Hoc|Any CPU = Ad-Hoc|Any CPU
		Ad-Hoc|ARM = Ad-Hoc|ARM
		Ad-Hoc|iPhone = Ad-Hoc|iPhone
		Ad-Hoc|iPhoneSimulator = Ad-Hoc|iPhoneSimulator
		Ad-Hoc|x64 = Ad-Hoc|x64
		Ad-Hoc|x86 = Ad-Hoc|x86
		AppStore|Any CPU = AppStore|Any CPU
		AppStore|ARM = AppStore|ARM
		AppStore|iPhone = AppStore|iPhone
		AppStore|iPhoneSimulator = AppStore|iPhoneSimulator
		AppStore|x64 = AppStore|x64
		AppStore|x86 = AppStore|x86
		Debug|Any CPU = Debug|Any CPU
		Debug|ARM = Debug|ARM
		Debug|iPhone = Debug|iPhone
		Debug|iPhoneSimulator = Debug|iPhoneSimulator
		Debug|x64 = Debug|x64
		Debug|x86 = Debug|x86
		Release|Any CPU = Release|Any CPU
		Release|ARM = Release|ARM
		Release|iPhone = Release|iPhone
		Release|iPhoneSimulator = Release|iPhoneSimulator
		Release|x64 = Release|x64
		Release|x86 = Release|x86
	EndGlobalSection
	GlobalSection(ProjectConfigurationPlatforms) = postSolution
		{CB5A6D46-6C0D-4A06-B03A-B66AED1EC89C}.Ad-Hoc|Any CPU.ActiveCfg = Release|Any CPU
		{CB5A6D46-6C0D-4A06-B03A-B66AED1EC89C}.Ad-Hoc|Any CPU.Build.0 = Release|Any CPU
		{CB5A6D46-6C0D-4A06-B03A-B66AED1EC89C}.Ad-Hoc|Any CPU.Deploy.0 = Release|Any CPU
		{CB5A6D46-6C0D-4A06-B03A-B66AED1EC89C}.Ad-Hoc|ARM.ActiveCfg = Release|Any CPU
		{CB5A6D46-6C0D-4A06-B03A-B66AED1EC89C}.Ad-Hoc|ARM.Build.0 = Release|Any CPU
		{CB5A6D46-6C0D-4A06-B03A-B66AED1EC89C}.Ad-Hoc|ARM.Deploy.0 = Release|Any CPU
		{CB5A6D46-6C0D-4A06-B03A-B66AED1EC89C}.Ad-Hoc|iPhone.ActiveCfg = Release|Any CPU
		{CB5A6D46-6C0D-4A06-B03A-B66AED1EC89C}.Ad-Hoc|iPhone.Build.0 = Release|Any CPU
		{CB5A6D46-6C0D-4A06-B03A-B66AED1EC89C}.Ad-Hoc|iPhone.Deploy.0 = Release|Any CPU
		{CB5A6D46-6C0D-4A06-B03A-B66AED1EC89C}.Ad-Hoc|iPhoneSimulator.ActiveCfg = Release|Any CPU
		{CB5A6D46-6C0D-4A06-B03A-B66AED1EC89C}.Ad-Hoc|iPhoneSimulator.Build.0 = Release|Any CPU
		{CB5A6D46-6C0D-4A06-B03A-B66AED1EC89C}.Ad-Hoc|iPhoneSimulator.Deploy.0 = Release|Any CPU
		{CB5A6D46-6C0D-4A06-B03A-B66AED1EC89C}.Ad-Hoc|x64.ActiveCfg = Release|Any CPU
		{CB5A6D46-6C0D-4A06-B03A-B66AED1EC89C}.Ad-Hoc|x64.Build.0 = Release|Any CPU
		{CB5A6D46-6C0D-4A06-B03A-B66AED1EC89C}.Ad-Hoc|x64.Deploy.0 = Release|Any CPU
		{CB5A6D46-6C0D-4A06-B03A-B66AED1EC89C}.Ad-Hoc|x86.ActiveCfg = Release|Any CPU
		{CB5A6D46-6C0D-4A06-B03A-B66AED1EC89C}.Ad-Hoc|x86.Build.0 = Release|Any CPU
		{CB5A6D46-6C0D-4A06-B03A-B66AED1EC89C}.Ad-Hoc|x86.Deploy.0 = Release|Any CPU
		{CB5A6D46-6C0D-4A06-B03A-B66AED1EC89C}.AppStore|Any CPU.ActiveCfg = Release|Any CPU
		{CB5A6D46-6C0D-4A06-B03A-B66AED1EC89C}.AppStore|Any CPU.Build.0 = Release|Any CPU
		{CB5A6D46-6C0D-4A06-B03A-B66AED1EC89C}.AppStore|Any CPU.Deploy.0 = Release|Any CPU
		{CB5A6D46-6C0D-4A06-B03A-B66AED1EC89C}.AppStore|ARM.ActiveCfg = Release|Any CPU
		{CB5A6D46-6C0D-4A06-B03A-B66AED1EC89C}.AppStore|ARM.Build.0 = Release|Any CPU
		{CB5A6D46-6C0D-4A06-B03A-B66AED1EC89C}.AppStore|ARM.Deploy.0 = Release|Any CPU
		{CB5A6D46-6C0D-4A06-B03A-B66AED1EC89C}.AppStore|iPhone.ActiveCfg = Release|Any CPU
		{CB5A6D46-6C0D-4A06-B03A-B66AED1EC89C}.AppStore|iPhone.Build.0 = Release|Any CPU
		{CB5A6D46-6C0D-4A06-B03A-B66AED1EC89C}.AppStore|iPhone.Deploy.0 = Release|Any CPU
		{CB5A6D46-6C0D-4A06-B03A-B66AED1EC89C}.AppStore|iPhoneSimulator.ActiveCfg = Release|Any CPU
		{CB5A6D46-6C0D-4A06-B03A-B66AED1EC89C}.AppStore|iPhoneSimulator.Build.0 = Release|Any CPU
		{CB5A6D46-6C0D-4A06-B03A-B66AED1EC89C}.AppStore|iPhoneSimulator.Deploy.0 = Release|Any CPU
		{CB5A6D46-6C0D-4A06-B03A-B66AED1EC89C}.AppStore|x64.ActiveCfg = Release|Any CPU
		{CB5A6D46-6C0D-4A06-B03A-B66AED1EC89C}.AppStore|x64.Build.0 = Release|Any CPU
		{CB5A6D46-6C0D-4A06-B03A-B66AED1EC89C}.AppStore|x64.Deploy.0 = Release|Any CPU
		{CB5A6D46-6C0D-4A06-B03A-B66AED1EC89C}.AppStore|x86.ActiveCfg = Release|Any CPU
		{CB5A6D46-6C0D-4A06-B03A-B66AED1EC89C}.AppStore|x86.Build.0 = Release|Any CPU
		{CB5A6D46-6C0D-4A06-B03A-B66AED1EC89C}.AppStore|x86.Deploy.0 = Release|Any CPU
		{CB5A6D46-6C0D-4A06-B03A-B66AED1EC89C}.Debug|Any CPU.ActiveCfg = Debug|Any CPU
		{CB5A6D46-6C0D-4A06-B03A-B66AED1EC89C}.Debug|Any CPU.Build.0 = Debug|Any CPU
		{CB5A6D46-6C0D-4A06-B03A-B66AED1EC89C}.Debug|Any CPU.Deploy.0 = Debug|Any CPU
		{CB5A6D46-6C0D-4A06-B03A-B66AED1EC89C}.Debug|ARM.ActiveCfg = Debug|Any CPU
		{CB5A6D46-6C0D-4A06-B03A-B66AED1EC89C}.Debug|ARM.Build.0 = Debug|Any CPU
		{CB5A6D46-6C0D-4A06-B03A-B66AED1EC89C}.Debug|ARM.Deploy.0 = Debug|Any CPU
		{CB5A6D46-6C0D-4A06-B03A-B66AED1EC89C}.Debug|iPhone.ActiveCfg = Debug|Any CPU
		{CB5A6D46-6C0D-4A06-B03A-B66AED1EC89C}.Debug|iPhone.Build.0 = Debug|Any CPU
		{CB5A6D46-6C0D-4A06-B03A-B66AED1EC89C}.Debug|iPhone.Deploy.0 = Debug|Any CPU
		{CB5A6D46-6C0D-4A06-B03A-B66AED1EC89C}.Debug|iPhoneSimulator.ActiveCfg = Debug|Any CPU
		{CB5A6D46-6C0D-4A06-B03A-B66AED1EC89C}.Debug|iPhoneSimulator.Build.0 = Debug|Any CPU
		{CB5A6D46-6C0D-4A06-B03A-B66AED1EC89C}.Debug|iPhoneSimulator.Deploy.0 = Debug|Any CPU
		{CB5A6D46-6C0D-4A06-B03A-B66AED1EC89C}.Debug|x64.ActiveCfg = Debug|Any CPU
		{CB5A6D46-6C0D-4A06-B03A-B66AED1EC89C}.Debug|x64.Build.0 = Debug|Any CPU
		{CB5A6D46-6C0D-4A06-B03A-B66AED1EC89C}.Debug|x64.Deploy.0 = Debug|Any CPU
		{CB5A6D46-6C0D-4A06-B03A-B66AED1EC89C}.Debug|x86.ActiveCfg = Debug|Any CPU
		{CB5A6D46-6C0D-4A06-B03A-B66AED1EC89C}.Debug|x86.Build.0 = Debug|Any CPU
		{CB5A6D46-6C0D-4A06-B03A-B66AED1EC89C}.Debug|x86.Deploy.0 = Debug|Any CPU
		{CB5A6D46-6C0D-4A06-B03A-B66AED1EC89C}.Release|Any CPU.ActiveCfg = Release|Any CPU
		{CB5A6D46-6C0D-4A06-B03A-B66AED1EC89C}.Release|Any CPU.Build.0 = Release|Any CPU
		{CB5A6D46-6C0D-4A06-B03A-B66AED1EC89C}.Release|Any CPU.Deploy.0 = Release|Any CPU
		{CB5A6D46-6C0D-4A06-B03A-B66AED1EC89C}.Release|ARM.ActiveCfg = Release|Any CPU
		{CB5A6D46-6C0D-4A06-B03A-B66AED1EC89C}.Release|ARM.Build.0 = Release|Any CPU
		{CB5A6D46-6C0D-4A06-B03A-B66AED1EC89C}.Release|ARM.Deploy.0 = Release|Any CPU
		{CB5A6D46-6C0D-4A06-B03A-B66AED1EC89C}.Release|iPhone.ActiveCfg = Release|Any CPU
		{CB5A6D46-6C0D-4A06-B03A-B66AED1EC89C}.Release|iPhone.Build.0 = Release|Any CPU
		{CB5A6D46-6C0D-4A06-B03A-B66AED1EC89C}.Release|iPhone.Deploy.0 = Release|Any CPU
		{CB5A6D46-6C0D-4A06-B03A-B66AED1EC89C}.Release|iPhoneSimulator.ActiveCfg = Release|Any CPU
		{CB5A6D46-6C0D-4A06-B03A-B66AED1EC89C}.Release|iPhoneSimulator.Build.0 = Release|Any CPU
		{CB5A6D46-6C0D-4A06-B03A-B66AED1EC89C}.Release|iPhoneSimulator.Deploy.0 = Release|Any CPU
		{CB5A6D46-6C0D-4A06-B03A-B66AED1EC89C}.Release|x64.ActiveCfg = Release|Any CPU
		{CB5A6D46-6C0D-4A06-B03A-B66AED1EC89C}.Release|x64.Build.0 = Release|Any CPU
		{CB5A6D46-6C0D-4A06-B03A-B66AED1EC89C}.Release|x64.Deploy.0 = Release|Any CPU
		{CB5A6D46-6C0D-4A06-B03A-B66AED1EC89C}.Release|x86.ActiveCfg = Release|Any CPU
		{CB5A6D46-6C0D-4A06-B03A-B66AED1EC89C}.Release|x86.Build.0 = Release|Any CPU
		{CB5A6D46-6C0D-4A06-B03A-B66AED1EC89C}.Release|x86.Deploy.0 = Release|Any CPU
		{8F60547A-A6C6-46FF-B7F6-0321E2005F05}.Ad-Hoc|Any CPU.ActiveCfg = Ad-Hoc|iPhone
		{8F60547A-A6C6-46FF-B7F6-0321E2005F05}.Ad-Hoc|Any CPU.Build.0 = Ad-Hoc|iPhone
		{8F60547A-A6C6-46FF-B7F6-0321E2005F05}.Ad-Hoc|Any CPU.Deploy.0 = Ad-Hoc|iPhone
		{8F60547A-A6C6-46FF-B7F6-0321E2005F05}.Ad-Hoc|ARM.ActiveCfg = Ad-Hoc|iPhone
		{8F60547A-A6C6-46FF-B7F6-0321E2005F05}.Ad-Hoc|ARM.Build.0 = Ad-Hoc|iPhone
		{8F60547A-A6C6-46FF-B7F6-0321E2005F05}.Ad-Hoc|ARM.Deploy.0 = Ad-Hoc|iPhone
		{8F60547A-A6C6-46FF-B7F6-0321E2005F05}.Ad-Hoc|iPhone.ActiveCfg = Ad-Hoc|iPhone
		{8F60547A-A6C6-46FF-B7F6-0321E2005F05}.Ad-Hoc|iPhone.Build.0 = Ad-Hoc|iPhone
		{8F60547A-A6C6-46FF-B7F6-0321E2005F05}.Ad-Hoc|iPhone.Deploy.0 = Ad-Hoc|iPhone
		{8F60547A-A6C6-46FF-B7F6-0321E2005F05}.Ad-Hoc|iPhoneSimulator.ActiveCfg = Ad-Hoc|iPhoneSimulator
		{8F60547A-A6C6-46FF-B7F6-0321E2005F05}.Ad-Hoc|iPhoneSimulator.Build.0 = Ad-Hoc|iPhoneSimulator
		{8F60547A-A6C6-46FF-B7F6-0321E2005F05}.Ad-Hoc|iPhoneSimulator.Deploy.0 = Ad-Hoc|iPhoneSimulator
		{8F60547A-A6C6-46FF-B7F6-0321E2005F05}.Ad-Hoc|x64.ActiveCfg = Ad-Hoc|iPhone
		{8F60547A-A6C6-46FF-B7F6-0321E2005F05}.Ad-Hoc|x64.Build.0 = Ad-Hoc|iPhone
		{8F60547A-A6C6-46FF-B7F6-0321E2005F05}.Ad-Hoc|x64.Deploy.0 = Ad-Hoc|iPhone
		{8F60547A-A6C6-46FF-B7F6-0321E2005F05}.Ad-Hoc|x86.ActiveCfg = Ad-Hoc|iPhone
		{8F60547A-A6C6-46FF-B7F6-0321E2005F05}.Ad-Hoc|x86.Build.0 = Ad-Hoc|iPhone
		{8F60547A-A6C6-46FF-B7F6-0321E2005F05}.Ad-Hoc|x86.Deploy.0 = Ad-Hoc|iPhone
		{8F60547A-A6C6-46FF-B7F6-0321E2005F05}.AppStore|Any CPU.ActiveCfg = AppStore|iPhone
		{8F60547A-A6C6-46FF-B7F6-0321E2005F05}.AppStore|Any CPU.Build.0 = AppStore|iPhone
		{8F60547A-A6C6-46FF-B7F6-0321E2005F05}.AppStore|Any CPU.Deploy.0 = AppStore|iPhone
		{8F60547A-A6C6-46FF-B7F6-0321E2005F05}.AppStore|ARM.ActiveCfg = AppStore|iPhone
		{8F60547A-A6C6-46FF-B7F6-0321E2005F05}.AppStore|ARM.Build.0 = AppStore|iPhone
		{8F60547A-A6C6-46FF-B7F6-0321E2005F05}.AppStore|ARM.Deploy.0 = AppStore|iPhone
		{8F60547A-A6C6-46FF-B7F6-0321E2005F05}.AppStore|iPhone.ActiveCfg = AppStore|iPhone
		{8F60547A-A6C6-46FF-B7F6-0321E2005F05}.AppStore|iPhone.Build.0 = AppStore|iPhone
		{8F60547A-A6C6-46FF-B7F6-0321E2005F05}.AppStore|iPhone.Deploy.0 = AppStore|iPhone
		{8F60547A-A6C6-46FF-B7F6-0321E2005F05}.AppStore|iPhoneSimulator.ActiveCfg = AppStore|iPhoneSimulator
		{8F60547A-A6C6-46FF-B7F6-0321E2005F05}.AppStore|iPhoneSimulator.Build.0 = AppStore|iPhoneSimulator
		{8F60547A-A6C6-46FF-B7F6-0321E2005F05}.AppStore|iPhoneSimulator.Deploy.0 = AppStore|iPhoneSimulator
		{8F60547A-A6C6-46FF-B7F6-0321E2005F05}.AppStore|x64.ActiveCfg = AppStore|iPhone
		{8F60547A-A6C6-46FF-B7F6-0321E2005F05}.AppStore|x64.Build.0 = AppStore|iPhone
		{8F60547A-A6C6-46FF-B7F6-0321E2005F05}.AppStore|x64.Deploy.0 = AppStore|iPhone
		{8F60547A-A6C6-46FF-B7F6-0321E2005F05}.AppStore|x86.ActiveCfg = AppStore|iPhone
		{8F60547A-A6C6-46FF-B7F6-0321E2005F05}.AppStore|x86.Build.0 = AppStore|iPhone
		{8F60547A-A6C6-46FF-B7F6-0321E2005F05}.AppStore|x86.Deploy.0 = AppStore|iPhone
		{8F60547A-A6C6-46FF-B7F6-0321E2005F05}.Debug|Any CPU.ActiveCfg = Debug|iPhoneSimulator
		{8F60547A-A6C6-46FF-B7F6-0321E2005F05}.Debug|Any CPU.Build.0 = Debug|iPhoneSimulator
		{8F60547A-A6C6-46FF-B7F6-0321E2005F05}.Debug|Any CPU.Deploy.0 = Debug|iPhoneSimulator
		{8F60547A-A6C6-46FF-B7F6-0321E2005F05}.Debug|ARM.ActiveCfg = Debug|iPhone
		{8F60547A-A6C6-46FF-B7F6-0321E2005F05}.Debug|ARM.Build.0 = Debug|iPhone
		{8F60547A-A6C6-46FF-B7F6-0321E2005F05}.Debug|ARM.Deploy.0 = Debug|iPhone
		{8F60547A-A6C6-46FF-B7F6-0321E2005F05}.Debug|iPhone.ActiveCfg = Debug|iPhone
		{8F60547A-A6C6-46FF-B7F6-0321E2005F05}.Debug|iPhone.Build.0 = Debug|iPhone
		{8F60547A-A6C6-46FF-B7F6-0321E2005F05}.Debug|iPhone.Deploy.0 = Debug|iPhone
		{8F60547A-A6C6-46FF-B7F6-0321E2005F05}.Debug|iPhoneSimulator.ActiveCfg = Debug|iPhoneSimulator
		{8F60547A-A6C6-46FF-B7F6-0321E2005F05}.Debug|iPhoneSimulator.Build.0 = Debug|iPhoneSimulator
		{8F60547A-A6C6-46FF-B7F6-0321E2005F05}.Debug|iPhoneSimulator.Deploy.0 = Debug|iPhoneSimulator
		{8F60547A-A6C6-46FF-B7F6-0321E2005F05}.Debug|x64.ActiveCfg = Debug|iPhone
		{8F60547A-A6C6-46FF-B7F6-0321E2005F05}.Debug|x64.Build.0 = Debug|iPhone
		{8F60547A-A6C6-46FF-B7F6-0321E2005F05}.Debug|x64.Deploy.0 = Debug|iPhone
		{8F60547A-A6C6-46FF-B7F6-0321E2005F05}.Debug|x86.ActiveCfg = Debug|iPhone
		{8F60547A-A6C6-46FF-B7F6-0321E2005F05}.Debug|x86.Build.0 = Debug|iPhone
		{8F60547A-A6C6-46FF-B7F6-0321E2005F05}.Debug|x86.Deploy.0 = Debug|iPhone
		{8F60547A-A6C6-46FF-B7F6-0321E2005F05}.Release|Any CPU.ActiveCfg = Release|iPhone
		{8F60547A-A6C6-46FF-B7F6-0321E2005F05}.Release|Any CPU.Build.0 = Release|iPhone
		{8F60547A-A6C6-46FF-B7F6-0321E2005F05}.Release|Any CPU.Deploy.0 = Release|iPhone
		{8F60547A-A6C6-46FF-B7F6-0321E2005F05}.Release|ARM.ActiveCfg = Release|iPhone
		{8F60547A-A6C6-46FF-B7F6-0321E2005F05}.Release|ARM.Build.0 = Release|iPhone
		{8F60547A-A6C6-46FF-B7F6-0321E2005F05}.Release|ARM.Deploy.0 = Release|iPhone
		{8F60547A-A6C6-46FF-B7F6-0321E2005F05}.Release|iPhone.ActiveCfg = Release|iPhone
		{8F60547A-A6C6-46FF-B7F6-0321E2005F05}.Release|iPhone.Build.0 = Release|iPhone
		{8F60547A-A6C6-46FF-B7F6-0321E2005F05}.Release|iPhone.Deploy.0 = Release|iPhone
		{8F60547A-A6C6-46FF-B7F6-0321E2005F05}.Release|iPhoneSimulator.ActiveCfg = Release|iPhoneSimulator
		{8F60547A-A6C6-46FF-B7F6-0321E2005F05}.Release|iPhoneSimulator.Build.0 = Release|iPhoneSimulator
		{8F60547A-A6C6-46FF-B7F6-0321E2005F05}.Release|iPhoneSimulator.Deploy.0 = Release|iPhoneSimulator
		{8F60547A-A6C6-46FF-B7F6-0321E2005F05}.Release|x64.ActiveCfg = Release|iPhone
		{8F60547A-A6C6-46FF-B7F6-0321E2005F05}.Release|x64.Build.0 = Release|iPhone
		{8F60547A-A6C6-46FF-B7F6-0321E2005F05}.Release|x64.Deploy.0 = Release|iPhone
		{8F60547A-A6C6-46FF-B7F6-0321E2005F05}.Release|x86.ActiveCfg = Release|iPhone
		{8F60547A-A6C6-46FF-B7F6-0321E2005F05}.Release|x86.Build.0 = Release|iPhone
		{8F60547A-A6C6-46FF-B7F6-0321E2005F05}.Release|x86.Deploy.0 = Release|iPhone
		{438455A6-E726-46A9-BF84-CACFC374A481}.Ad-Hoc|Any CPU.ActiveCfg = Release|x86
		{438455A6-E726-46A9-BF84-CACFC374A481}.Ad-Hoc|Any CPU.Build.0 = Release|x86
		{438455A6-E726-46A9-BF84-CACFC374A481}.Ad-Hoc|Any CPU.Deploy.0 = Release|x86
		{438455A6-E726-46A9-BF84-CACFC374A481}.Ad-Hoc|ARM.ActiveCfg = Release|ARM
		{438455A6-E726-46A9-BF84-CACFC374A481}.Ad-Hoc|ARM.Build.0 = Release|ARM
		{438455A6-E726-46A9-BF84-CACFC374A481}.Ad-Hoc|ARM.Deploy.0 = Release|ARM
		{438455A6-E726-46A9-BF84-CACFC374A481}.Ad-Hoc|iPhone.ActiveCfg = Release|x86
		{438455A6-E726-46A9-BF84-CACFC374A481}.Ad-Hoc|iPhone.Build.0 = Release|x86
		{438455A6-E726-46A9-BF84-CACFC374A481}.Ad-Hoc|iPhone.Deploy.0 = Release|x86
		{438455A6-E726-46A9-BF84-CACFC374A481}.Ad-Hoc|iPhoneSimulator.ActiveCfg = Release|x86
		{438455A6-E726-46A9-BF84-CACFC374A481}.Ad-Hoc|iPhoneSimulator.Build.0 = Release|x86
		{438455A6-E726-46A9-BF84-CACFC374A481}.Ad-Hoc|iPhoneSimulator.Deploy.0 = Release|x86
		{438455A6-E726-46A9-BF84-CACFC374A481}.Ad-Hoc|x64.ActiveCfg = Release|x64
		{438455A6-E726-46A9-BF84-CACFC374A481}.Ad-Hoc|x64.Build.0 = Release|x64
		{438455A6-E726-46A9-BF84-CACFC374A481}.Ad-Hoc|x64.Deploy.0 = Release|x64
		{438455A6-E726-46A9-BF84-CACFC374A481}.Ad-Hoc|x86.ActiveCfg = Release|x86
		{438455A6-E726-46A9-BF84-CACFC374A481}.Ad-Hoc|x86.Build.0 = Release|x86
		{438455A6-E726-46A9-BF84-CACFC374A481}.Ad-Hoc|x86.Deploy.0 = Release|x86
		{438455A6-E726-46A9-BF84-CACFC374A481}.AppStore|Any CPU.ActiveCfg = Release|x86
		{438455A6-E726-46A9-BF84-CACFC374A481}.AppStore|Any CPU.Build.0 = Release|x86
		{438455A6-E726-46A9-BF84-CACFC374A481}.AppStore|Any CPU.Deploy.0 = Release|x86
		{438455A6-E726-46A9-BF84-CACFC374A481}.AppStore|ARM.ActiveCfg = Release|ARM
		{438455A6-E726-46A9-BF84-CACFC374A481}.AppStore|ARM.Build.0 = Release|ARM
		{438455A6-E726-46A9-BF84-CACFC374A481}.AppStore|ARM.Deploy.0 = Release|ARM
		{438455A6-E726-46A9-BF84-CACFC374A481}.AppStore|iPhone.ActiveCfg = Release|x86
		{438455A6-E726-46A9-BF84-CACFC374A481}.AppStore|iPhone.Build.0 = Release|x86
		{438455A6-E726-46A9-BF84-CACFC374A481}.AppStore|iPhone.Deploy.0 = Release|x86
		{438455A6-E726-46A9-BF84-CACFC374A481}.AppStore|iPhoneSimulator.ActiveCfg = Release|x86
		{438455A6-E726-46A9-BF84-CACFC374A481}.AppStore|iPhoneSimulator.Build.0 = Release|x86
		{438455A6-E726-46A9-BF84-CACFC374A481}.AppStore|iPhoneSimulator.Deploy.0 = Release|x86
		{438455A6-E726-46A9-BF84-CACFC374A481}.AppStore|x64.ActiveCfg = Release|x64
		{438455A6-E726-46A9-BF84-CACFC374A481}.AppStore|x64.Build.0 = Release|x64
		{438455A6-E726-46A9-BF84-CACFC374A481}.AppStore|x64.Deploy.0 = Release|x64
		{438455A6-E726-46A9-BF84-CACFC374A481}.AppStore|x86.ActiveCfg = Release|x86
		{438455A6-E726-46A9-BF84-CACFC374A481}.AppStore|x86.Build.0 = Release|x86
		{438455A6-E726-46A9-BF84-CACFC374A481}.AppStore|x86.Deploy.0 = Release|x86
		{438455A6-E726-46A9-BF84-CACFC374A481}.Debug|Any CPU.ActiveCfg = Debug|x86
		{438455A6-E726-46A9-BF84-CACFC374A481}.Debug|Any CPU.Build.0 = Debug|x86
		{438455A6-E726-46A9-BF84-CACFC374A481}.Debug|Any CPU.Deploy.0 = Debug|x86
		{438455A6-E726-46A9-BF84-CACFC374A481}.Debug|ARM.ActiveCfg = Debug|ARM
		{438455A6-E726-46A9-BF84-CACFC374A481}.Debug|ARM.Build.0 = Debug|ARM
		{438455A6-E726-46A9-BF84-CACFC374A481}.Debug|ARM.Deploy.0 = Debug|ARM
		{438455A6-E726-46A9-BF84-CACFC374A481}.Debug|iPhone.ActiveCfg = Debug|x86
		{438455A6-E726-46A9-BF84-CACFC374A481}.Debug|iPhone.Build.0 = Debug|x86
		{438455A6-E726-46A9-BF84-CACFC374A481}.Debug|iPhone.Deploy.0 = Debug|x86
		{438455A6-E726-46A9-BF84-CACFC374A481}.Debug|iPhoneSimulator.ActiveCfg = Debug|x86
		{438455A6-E726-46A9-BF84-CACFC374A481}.Debug|iPhoneSimulator.Build.0 = Debug|x86
		{438455A6-E726-46A9-BF84-CACFC374A481}.Debug|iPhoneSimulator.Deploy.0 = Debug|x86
		{438455A6-E726-46A9-BF84-CACFC374A481}.Debug|x64.ActiveCfg = Debug|x64
		{438455A6-E726-46A9-BF84-CACFC374A481}.Debug|x64.Build.0 = Debug|x64
		{438455A6-E726-46A9-BF84-CACFC374A481}.Debug|x64.Deploy.0 = Debug|x64
		{438455A6-E726-46A9-BF84-CACFC374A481}.Debug|x86.ActiveCfg = Debug|x86
		{438455A6-E726-46A9-BF84-CACFC374A481}.Debug|x86.Build.0 = Debug|x86
		{438455A6-E726-46A9-BF84-CACFC374A481}.Debug|x86.Deploy.0 = Debug|x86
		{438455A6-E726-46A9-BF84-CACFC374A481}.Release|Any CPU.ActiveCfg = Release|x86
		{438455A6-E726-46A9-BF84-CACFC374A481}.Release|Any CPU.Build.0 = Release|x86
		{438455A6-E726-46A9-BF84-CACFC374A481}.Release|Any CPU.Deploy.0 = Release|x86
		{438455A6-E726-46A9-BF84-CACFC374A481}.Release|ARM.ActiveCfg = Release|ARM
		{438455A6-E726-46A9-BF84-CACFC374A481}.Release|ARM.Build.0 = Release|ARM
		{438455A6-E726-46A9-BF84-CACFC374A481}.Release|ARM.Deploy.0 = Release|ARM
		{438455A6-E726-46A9-BF84-CACFC374A481}.Release|iPhone.ActiveCfg = Release|x86
		{438455A6-E726-46A9-BF84-CACFC374A481}.Release|iPhone.Build.0 = Release|x86
		{438455A6-E726-46A9-BF84-CACFC374A481}.Release|iPhone.Deploy.0 = Release|x86
		{438455A6-E726-46A9-BF84-CACFC374A481}.Release|iPhoneSimulator.ActiveCfg = Release|x86
		{438455A6-E726-46A9-BF84-CACFC374A481}.Release|iPhoneSimulator.Build.0 = Release|x86
		{438455A6-E726-46A9-BF84-CACFC374A481}.Release|iPhoneSimulator.Deploy.0 = Release|x86
		{438455A6-E726-46A9-BF84-CACFC374A481}.Release|x64.ActiveCfg = Release|x64
		{438455A6-E726-46A9-BF84-CACFC374A481}.Release|x64.Build.0 = Release|x64
		{438455A6-E726-46A9-BF84-CACFC374A481}.Release|x64.Deploy.0 = Release|x64
		{438455A6-E726-46A9-BF84-CACFC374A481}.Release|x86.ActiveCfg = Release|x86
		{438455A6-E726-46A9-BF84-CACFC374A481}.Release|x86.Build.0 = Release|x86
		{438455A6-E726-46A9-BF84-CACFC374A481}.Release|x86.Deploy.0 = Release|x86
	EndGlobalSection
	GlobalSection(SolutionProperties) = preSolution
		HideSolutionNode = FALSE
	EndGlobalSection
	GlobalSection(ExtensibilityGlobals) = postSolution
		SolutionGuid = {CE593776-EDE3-416D-ACD4-25577D0E91B9}
	EndGlobalSection
EndGlobal
